
Microsoft Visual Studio Solution File, Format Version 12.00
# Visual Studio Version 16
VisualStudioVersion = 16.0.30907.101
MinimumVisualStudioVersion = 10.0.40219.1
Project("{FAE04EC0-301F-11D3-BF4B-00C04F79EFBC}") = "Minecraft Servers", "Minecraft Servers\Minecraft Servers.csproj", "{98AE509F-BC8D-4E5C-8FC2-A28B954E0C2C}"
EndProject
Global
	GlobalSection(SolutionConfigurationPlatforms) = preSolution
		Debug|Any CPU = Debug|Any CPU
		Release|Any CPU = Release|Any CPU
	EndGlobalSection
	GlobalSection(ProjectConfigurationPlatforms) = postSolution
		{98AE509F-BC8D-4E5C-8FC2-A28B954E0C2C}.Debug|Any CPU.ActiveCfg = Debug|Any CPU
		{98AE509F-BC8D-4E5C-8FC2-A28B954E0C2C}.Debug|Any CPU.Build.0 = Debug|Any CPU
		{98AE509F-BC8D-4E5C-8FC2-A28B954E0C2C}.Release|Any CPU.ActiveCfg = Release|Any CPU
		{98AE509F-BC8D-4E5C-8FC2-A28B954E0C2C}.Release|Any CPU.Build.0 = Release|Any CPU
	EndGlobalSection
	GlobalSection(SolutionProperties) = preSolution
		HideSolutionNode = FALSE
	EndGlobalSection
	GlobalSection(ExtensibilityGlobals) = postSolution
		SolutionGuid = {8566639D-6C7D-4CC8-B70E-9D9618EEF79A}
	EndGlobalSection
EndGlobal
